
Microsoft Visual Studio Solution File, Format Version 12.00
# Visual Studio 15
Project("{FAE04EC0-301F-11D3-BF4B-00C04F79EFBC}") = "csharp2", "csharp2\csharp2.csproj", "{8B625628-2FAC-48DD-A368-DD519F0563A7}"
EndProject
Global
	GlobalSection(SolutionConfigurationPlatforms) = preSolution
		Debug|anycpu = Debug|anycpu
		Release|anycpu = Release|anycpu
	EndGlobalSection
	GlobalSection(ProjectConfigurationPlatforms) = postSolution
		{8B625628-2FAC-48DD-A368-DD519F0563A7}.Debug|anycpu.ActiveCfg = Debug|anycpu
		{8B625628-2FAC-48DD-A368-DD519F0563A7}.Debug|anycpu.Build.0 = Debug|anycpu
		{8B625628-2FAC-48DD-A368-DD519F0563A7}.Release|anycpu.ActiveCfg = Release|anycpu
		{8B625628-2FAC-48DD-A368-DD519F0563A7}.Release|anycpu.Build.0 = Release|anycpu
	EndGlobalSection
EndGlobal
